
Microsoft Visual Studio Solution File, Format Version 12.00
# Visual Studio Version 16
VisualStudioVersion = 16.0.31727.386
MinimumVisualStudioVersion = 10.0.40219.1
Project("{FAE04EC0-301F-11D3-BF4B-00C04F79EFBC}") = "BusinessLayer", "BusinessLayer\BusinessLayer.csproj", "{B2EC5E83-C59B-434C-BC54-1CE097CBFC26}"
EndProject
Project("{FAE04EC0-301F-11D3-BF4B-00C04F79EFBC}") = "DataLayer", "DataLayer\DataLayer.csproj", "{244C6510-4963-40D3-8E2F-A12183663AFD}"
EndProject
Project("{FAE04EC0-301F-11D3-BF4B-00C04F79EFBC}") = "PresentationLayer", "PresentationLayer\PresentationLayer.csproj", "{61C9DE9C-912D-415C-AC5E-4FF8E22DA790}"
EndProject
Project("{FAE04EC0-301F-11D3-BF4B-00C04F79EFBC}") = "PresentationLayerWeb", "PresentationLayerWeb\PresentationLayerWeb.csproj", "{E1EB9A46-3CAD-4482-85D1-61D02B8AE435}"
EndProject
Global
	GlobalSection(SolutionConfigurationPlatforms) = preSolution
		Debug|Any CPU = Debug|Any CPU
		Release|Any CPU = Release|Any CPU
	EndGlobalSection
	GlobalSection(ProjectConfigurationPlatforms) = postSolution
		{B2EC5E83-C59B-434C-BC54-1CE097CBFC26}.Debug|Any CPU.ActiveCfg = Debug|Any CPU
		{B2EC5E83-C59B-434C-BC54-1CE097CBFC26}.Debug|Any CPU.Build.0 = Debug|Any CPU
		{B2EC5E83-C59B-434C-BC54-1CE097CBFC26}.Release|Any CPU.ActiveCfg = Release|Any CPU
		{B2EC5E83-C59B-434C-BC54-1CE097CBFC26}.Release|Any CPU.Build.0 = Release|Any CPU
		{244C6510-4963-40D3-8E2F-A12183663AFD}.Debug|Any CPU.ActiveCfg = Debug|Any CPU
		{244C6510-4963-40D3-8E2F-A12183663AFD}.Debug|Any CPU.Build.0 = Debug|Any CPU
		{244C6510-4963-40D3-8E2F-A12183663AFD}.Release|Any CPU.ActiveCfg = Release|Any CPU
		{244C6510-4963-40D3-8E2F-A12183663AFD}.Release|Any CPU.Build.0 = Release|Any CPU
		{61C9DE9C-912D-415C-AC5E-4FF8E22DA790}.Debug|Any CPU.ActiveCfg = Debug|Any CPU
		{61C9DE9C-912D-415C-AC5E-4FF8E22DA790}.Debug|Any CPU.Build.0 = Debug|Any CPU
		{61C9DE9C-912D-415C-AC5E-4FF8E22DA790}.Release|Any CPU.ActiveCfg = Release|Any CPU
		{61C9DE9C-912D-415C-AC5E-4FF8E22DA790}.Release|Any CPU.Build.0 = Release|Any CPU
		{E1EB9A46-3CAD-4482-85D1-61D02B8AE435}.Debug|Any CPU.ActiveCfg = Debug|Any CPU
		{E1EB9A46-3CAD-4482-85D1-61D02B8AE435}.Debug|Any CPU.Build.0 = Debug|Any CPU
		{E1EB9A46-3CAD-4482-85D1-61D02B8AE435}.Release|Any CPU.ActiveCfg = Release|Any CPU
		{E1EB9A46-3CAD-4482-85D1-61D02B8AE435}.Release|Any CPU.Build.0 = Release|Any CPU
	EndGlobalSection
	GlobalSection(SolutionProperties) = preSolution
		HideSolutionNode = FALSE
	EndGlobalSection
	GlobalSection(ExtensibilityGlobals) = postSolution
		SolutionGuid = {AB600AB0-0D2D-4D82-AB5D-DF0E542C7DA9}
	EndGlobalSection
EndGlobal
